
Microsoft Visual Studio Solution File, Format Version 12.00
# Visual Studio 15
VisualStudioVersion = 15.0.28307.1401
MinimumVisualStudioVersion = 10.0.40219.1
Project("{FAE04EC0-301F-11D3-BF4B-00C04F79EFBC}") = "画图", "画图\画图.csproj", "{07C25152-74AF-41B3-ABF6-6C976E17EE08}"
EndProject
Global
	GlobalSection(SolutionConfigurationPlatforms) = preSolution
		Debug|Any CPU = Debug|Any CPU
		Release|Any CPU = Release|Any CPU
	EndGlobalSection
	GlobalSection(ProjectConfigurationPlatforms) = postSolution
		{07C25152-74AF-41B3-ABF6-6C976E17EE08}.Debug|Any CPU.ActiveCfg = Debug|Any CPU
		{07C25152-74AF-41B3-ABF6-6C976E17EE08}.Debug|Any CPU.Build.0 = Debug|Any CPU
		{07C25152-74AF-41B3-ABF6-6C976E17EE08}.Release|Any CPU.ActiveCfg = Release|Any CPU
		{07C25152-74AF-41B3-ABF6-6C976E17EE08}.Release|Any CPU.Build.0 = Release|Any CPU
	EndGlobalSection
	GlobalSection(SolutionProperties) = preSolution
		HideSolutionNode = FALSE
	EndGlobalSection
	GlobalSection(ExtensibilityGlobals) = postSolution
		SolutionGuid = {B4F5DEDF-2ED3-425E-A34E-FB5CFEE74DDB}
	EndGlobalSection
EndGlobal
